// !$*UTF8*$!
{
	archiveVersion = 1;
	classes = {
	};
	objectVersion = 51;
	objects = {

/* Begin PBXBuildFile section */
		45126749102707701CCCABA7 /* Pods_PersonalFinance.framework in Frameworks */ = {isa = PBXBuildFile; fileRef = 9185C396E519E2F424D7B363 /* Pods_PersonalFinance.framework */; };
		E3219944265FD1B8003233A0 /* ContentViewController.swift in Sources */ = {isa = PBXBuildFile; fileRef = E3219943265FD1B8003233A0 /* ContentViewController.swift */; };
		E3219947265FD22B003233A0 /* PageViewController.swift in Sources */ = {isa = PBXBuildFile; fileRef = E3219946265FD22B003233A0 /* PageViewController.swift */; };
		E327DE2D2710D34800C1F8BD /* SaveWalletTableViewController.swift in Sources */ = {isa = PBXBuildFile; fileRef = E327DE2C2710D34800C1F8BD /* SaveWalletTableViewController.swift */; };
		E339F146270717F300B16689 /* NewPasswordViewController.swift in Sources */ = {isa = PBXBuildFile; fileRef = E339F145270717F300B16689 /* NewPasswordViewController.swift */; };
		E343A6AC270B54A100C97DE7 /* UINavigationBarGradientView.swift in Sources */ = {isa = PBXBuildFile; fileRef = E343A6AB270B54A100C97DE7 /* UINavigationBarGradientView.swift */; };
		E3475FBD26C6948500646398 /* AuthorizationManager.swift in Sources */ = {isa = PBXBuildFile; fileRef = E3475FBC26C6948500646398 /* AuthorizationManager.swift */; };
		E3475FBF26CAE61500646398 /* Extension + String.swift in Sources */ = {isa = PBXBuildFile; fileRef = E3475FBE26CAE61500646398 /* Extension + String.swift */; };
		E3475FC426D505D200646398 /* Home.storyboard in Resources */ = {isa = PBXBuildFile; fileRef = E3475FC326D505D200646398 /* Home.storyboard */; };
		E3475FC626D5063B00646398 /* HomeViewController.swift in Sources */ = {isa = PBXBuildFile; fileRef = E3475FC526D5063B00646398 /* HomeViewController.swift */; };
		E350AD0E2663CBD9008AB964 /* SignUpViewController.swift in Sources */ = {isa = PBXBuildFile; fileRef = E350AD0D2663CBD9008AB964 /* SignUpViewController.swift */; };
		E35CE4A7265BED3500898909 /* AppDelegate.swift in Sources */ = {isa = PBXBuildFile; fileRef = E35CE4A6265BED3500898909 /* AppDelegate.swift */; };
		E35CE4AB265BED3500898909 /* WelcomeViewController.swift in Sources */ = {isa = PBXBuildFile; fileRef = E35CE4AA265BED3500898909 /* WelcomeViewController.swift */; };
		E35CE4AE265BED3500898909 /* Main.storyboard in Resources */ = {isa = PBXBuildFile; fileRef = E35CE4AC265BED3500898909 /* Main.storyboard */; };
		E35CE4B1265BED3500898909 /* PersonalFinance.xcdatamodeld in Sources */ = {isa = PBXBuildFile; fileRef = E35CE4AF265BED3500898909 /* PersonalFinance.xcdatamodeld */; };
		E35CE4B3265BED3D00898909 /* Assets.xcassets in Resources */ = {isa = PBXBuildFile; fileRef = E35CE4B2265BED3D00898909 /* Assets.xcassets */; };
		E35CE4B6265BED3D00898909 /* LaunchScreen.storyboard in Resources */ = {isa = PBXBuildFile; fileRef = E35CE4B4265BED3D00898909 /* LaunchScreen.storyboard */; };
		E35CE4C8265BF0D200898909 /* Extension + UIView.swift in Sources */ = {isa = PBXBuildFile; fileRef = E35CE4C7265BF0D200898909 /* Extension + UIView.swift */; };
		E37EC38A26C58F1F00E0A53B /* Account.swift in Sources */ = {isa = PBXBuildFile; fileRef = E37EC38926C58F1F00E0A53B /* Account.swift */; };
		E38BED852703553E00385911 /* NetworkManager.swift in Sources */ = {isa = PBXBuildFile; fileRef = E38BED842703553E00385911 /* NetworkManager.swift */; };
		E3909C30274ED1DA00646400 /* TransactionButtonView.xib in Resources */ = {isa = PBXBuildFile; fileRef = E3909C2F274ED1DA00646400 /* TransactionButtonView.xib */; };
		E3909C32274ED20700646400 /* TransactionButtonView.swift in Sources */ = {isa = PBXBuildFile; fileRef = E3909C31274ED20700646400 /* TransactionButtonView.swift */; };
		E3909C372750FE3200646400 /* Extension + Hover.swift in Sources */ = {isa = PBXBuildFile; fileRef = E3909C362750FE3200646400 /* Extension + Hover.swift */; };
		E39F08032717780E00F0E682 /* TextFieldTableViewCell.swift in Sources */ = {isa = PBXBuildFile; fileRef = E39F08012717780E00F0E682 /* TextFieldTableViewCell.swift */; };
		E39F08042717780E00F0E682 /* TextFieldTableViewCell.xib in Resources */ = {isa = PBXBuildFile; fileRef = E39F08022717780E00F0E682 /* TextFieldTableViewCell.xib */; };
		E39F0806271ED37900F0E682 /* ReportViewController.swift in Sources */ = {isa = PBXBuildFile; fileRef = E39F0805271ED37900F0E682 /* ReportViewController.swift */; };
		E3A0709C265E788A0063F468 /* Content.swift in Sources */ = {isa = PBXBuildFile; fileRef = E3A0709B265E788A0063F468 /* Content.swift */; };
		E3A0709F265E7A5A0063F468 /* ContentManager.swift in Sources */ = {isa = PBXBuildFile; fileRef = E3A0709E265E7A5A0063F468 /* ContentManager.swift */; };
		E3A0DE21271ED994004F7560 /* MoreTableViewController.swift in Sources */ = {isa = PBXBuildFile; fileRef = E3A0DE20271ED994004F7560 /* MoreTableViewController.swift */; };
		E3A0DE23271F0E31004F7560 /* UserSettingViewController.swift in Sources */ = {isa = PBXBuildFile; fileRef = E3A0DE22271F0E30004F7560 /* UserSettingViewController.swift */; };
		E3BB727127107D100077586C /* FinanceStorageManager.swift in Sources */ = {isa = PBXBuildFile; fileRef = E3BB727027107D100077586C /* FinanceStorageManager.swift */; };
		E3D6702226612CCB00232115 /* LoginViewController.swift in Sources */ = {isa = PBXBuildFile; fileRef = E3D6702126612CCB00232115 /* LoginViewController.swift */; };
		E3D67025266138FF00232115 /* DataManager.swift in Sources */ = {isa = PBXBuildFile; fileRef = E3D67024266138FF00232115 /* DataManager.swift */; };
		E3DA19E627109504008DD996 /* WalletsTableViewController.swift in Sources */ = {isa = PBXBuildFile; fileRef = E3DA19E527109504008DD996 /* WalletsTableViewController.swift */; };
		E3E6E3832714532400608898 /* Purse.swift in Sources */ = {isa = PBXBuildFile; fileRef = E3E6E3822714532400608898 /* Purse.swift */; };
		E3E6E3852714565700608898 /* PurseManager.swift in Sources */ = {isa = PBXBuildFile; fileRef = E3E6E3842714565700608898 /* PurseManager.swift */; };
		E3E9742326642DFF00575D4D /* ForgetPasswordViewController.swift in Sources */ = {isa = PBXBuildFile; fileRef = E3E9742226642DFF00575D4D /* ForgetPasswordViewController.swift */; };
		E3E9742526651B4700575D4D /* ConfirmCodeViewController.swift in Sources */ = {isa = PBXBuildFile; fileRef = E3E9742426651B4700575D4D /* ConfirmCodeViewController.swift */; };
/* End PBXBuildFile section */

/* Begin PBXFileReference section */
		152FFBB647D8326A92589574 /* Pods-PersonalFinance.release.xcconfig */ = {isa = PBXFileReference; includeInIndex = 1; lastKnownFileType = text.xcconfig; name = "Pods-PersonalFinance.release.xcconfig"; path = "Target Support Files/Pods-PersonalFinance/Pods-PersonalFinance.release.xcconfig"; sourceTree = "<group>"; };
		280D6775ADAF49DF67F05987 /* Pods-PersonalFinance.debug.xcconfig */ = {isa = PBXFileReference; includeInIndex = 1; lastKnownFileType = text.xcconfig; name = "Pods-PersonalFinance.debug.xcconfig"; path = "Target Support Files/Pods-PersonalFinance/Pods-PersonalFinance.debug.xcconfig"; sourceTree = "<group>"; };
		9185C396E519E2F424D7B363 /* Pods_PersonalFinance.framework */ = {isa = PBXFileReference; explicitFileType = wrapper.framework; includeInIndex = 0; path = Pods_PersonalFinance.framework; sourceTree = BUILT_PRODUCTS_DIR; };
		E3219943265FD1B8003233A0 /* ContentViewController.swift */ = {isa = PBXFileReference; lastKnownFileType = sourcecode.swift; path = ContentViewController.swift; sourceTree = "<group>"; };
		E3219946265FD22B003233A0 /* PageViewController.swift */ = {isa = PBXFileReference; lastKnownFileType = sourcecode.swift; path = PageViewController.swift; sourceTree = "<group>"; };
		E327DE2C2710D34800C1F8BD /* SaveWalletTableViewController.swift */ = {isa = PBXFileReference; lastKnownFileType = sourcecode.swift; path = SaveWalletTableViewController.swift; sourceTree = "<group>"; };
		E339F145270717F300B16689 /* NewPasswordViewController.swift */ = {isa = PBXFileReference; lastKnownFileType = sourcecode.swift; path = NewPasswordViewController.swift; sourceTree = "<group>"; };
		E343A6AB270B54A100C97DE7 /* UINavigationBarGradientView.swift */ = {isa = PBXFileReference; lastKnownFileType = sourcecode.swift; path = UINavigationBarGradientView.swift; sourceTree = "<group>"; };
		E3475FBC26C6948500646398 /* AuthorizationManager.swift */ = {isa = PBXFileReference; lastKnownFileType = sourcecode.swift; path = AuthorizationManager.swift; sourceTree = "<group>"; };
		E3475FBE26CAE61500646398 /* Extension + String.swift */ = {isa = PBXFileReference; lastKnownFileType = sourcecode.swift; path = "Extension + String.swift"; sourceTree = "<group>"; };
		E3475FC026CBFF2100646398 /* PersonalFinance.entitlements */ = {isa = PBXFileReference; lastKnownFileType = text.plist.entitlements; path = PersonalFinance.entitlements; sourceTree = "<group>"; };
		E3475FC326D505D200646398 /* Home.storyboard */ = {isa = PBXFileReference; lastKnownFileType = file.storyboard; path = Home.storyboard; sourceTree = "<group>"; };
		E3475FC526D5063B00646398 /* HomeViewController.swift */ = {isa = PBXFileReference; lastKnownFileType = sourcecode.swift; path = HomeViewController.swift; sourceTree = "<group>"; };
		E350AD0D2663CBD9008AB964 /* SignUpViewController.swift */ = {isa = PBXFileReference; lastKnownFileType = sourcecode.swift; path = SignUpViewController.swift; sourceTree = "<group>"; };
		E35CE4A3265BED3500898909 /* PersonalFinance.app */ = {isa = PBXFileReference; explicitFileType = wrapper.application; includeInIndex = 0; path = PersonalFinance.app; sourceTree = BUILT_PRODUCTS_DIR; };
		E35CE4A6265BED3500898909 /* AppDelegate.swift */ = {isa = PBXFileReference; lastKnownFileType = sourcecode.swift; path = AppDelegate.swift; sourceTree = "<group>"; };
		E35CE4AA265BED3500898909 /* WelcomeViewController.swift */ = {isa = PBXFileReference; lastKnownFileType = sourcecode.swift; path = WelcomeViewController.swift; sourceTree = "<group>"; };
		E35CE4AD265BED3500898909 /* Base */ = {isa = PBXFileReference; lastKnownFileType = file.storyboard; name = Base; path = Base.lproj/Main.storyboard; sourceTree = "<group>"; };
		E35CE4B0265BED3500898909 /* PersonalFinance.xcdatamodel */ = {isa = PBXFileReference; lastKnownFileType = wrapper.xcdatamodel; path = PersonalFinance.xcdatamodel; sourceTree = "<group>"; };
		E35CE4B2265BED3D00898909 /* Assets.xcassets */ = {isa = PBXFileReference; lastKnownFileType = folder.assetcatalog; path = Assets.xcassets; sourceTree = "<group>"; };
		E35CE4B5265BED3D00898909 /* Base */ = {isa = PBXFileReference; lastKnownFileType = file.storyboard; name = Base; path = Base.lproj/LaunchScreen.storyboard; sourceTree = "<group>"; };
		E35CE4B7265BED3D00898909 /* Info.plist */ = {isa = PBXFileReference; lastKnownFileType = text.plist.xml; path = Info.plist; sourceTree = "<group>"; };
		E35CE4C7265BF0D200898909 /* Extension + UIView.swift */ = {isa = PBXFileReference; lastKnownFileType = sourcecode.swift; path = "Extension + UIView.swift"; sourceTree = "<group>"; };
		E37EC38926C58F1F00E0A53B /* Account.swift */ = {isa = PBXFileReference; lastKnownFileType = sourcecode.swift; path = Account.swift; sourceTree = "<group>"; };
		E38BED842703553E00385911 /* NetworkManager.swift */ = {isa = PBXFileReference; lastKnownFileType = sourcecode.swift; path = NetworkManager.swift; sourceTree = "<group>"; };
		E3909C2F274ED1DA00646400 /* TransactionButtonView.xib */ = {isa = PBXFileReference; lastKnownFileType = file.xib; path = TransactionButtonView.xib; sourceTree = "<group>"; };
		E3909C31274ED20700646400 /* TransactionButtonView.swift */ = {isa = PBXFileReference; lastKnownFileType = sourcecode.swift; path = TransactionButtonView.swift; sourceTree = "<group>"; };
		E3909C362750FE3200646400 /* Extension + Hover.swift */ = {isa = PBXFileReference; lastKnownFileType = sourcecode.swift; path = "Extension + Hover.swift"; sourceTree = "<group>"; };
		E39F08012717780E00F0E682 /* TextFieldTableViewCell.swift */ = {isa = PBXFileReference; lastKnownFileType = sourcecode.swift; path = TextFieldTableViewCell.swift; sourceTree = "<group>"; };
		E39F08022717780E00F0E682 /* TextFieldTableViewCell.xib */ = {isa = PBXFileReference; lastKnownFileType = file.xib; path = TextFieldTableViewCell.xib; sourceTree = "<group>"; };
		E39F0805271ED37900F0E682 /* ReportViewController.swift */ = {isa = PBXFileReference; lastKnownFileType = sourcecode.swift; path = ReportViewController.swift; sourceTree = "<group>"; };
		E3A0709B265E788A0063F468 /* Content.swift */ = {isa = PBXFileReference; lastKnownFileType = sourcecode.swift; path = Content.swift; sourceTree = "<group>"; };
		E3A0709E265E7A5A0063F468 /* ContentManager.swift */ = {isa = PBXFileReference; lastKnownFileType = sourcecode.swift; path = ContentManager.swift; sourceTree = "<group>"; };
		E3A0DE20271ED994004F7560 /* MoreTableViewController.swift */ = {isa = PBXFileReference; lastKnownFileType = sourcecode.swift; path = MoreTableViewController.swift; sourceTree = "<group>"; };
		E3A0DE22271F0E30004F7560 /* UserSettingViewController.swift */ = {isa = PBXFileReference; lastKnownFileType = sourcecode.swift; path = UserSettingViewController.swift; sourceTree = "<group>"; };
		E3BB727027107D100077586C /* FinanceStorageManager.swift */ = {isa = PBXFileReference; lastKnownFileType = sourcecode.swift; path = FinanceStorageManager.swift; sourceTree = "<group>"; };
		E3D6702126612CCB00232115 /* LoginViewController.swift */ = {isa = PBXFileReference; lastKnownFileType = sourcecode.swift; path = LoginViewController.swift; sourceTree = "<group>"; };
		E3D67024266138FF00232115 /* DataManager.swift */ = {isa = PBXFileReference; lastKnownFileType = sourcecode.swift; path = DataManager.swift; sourceTree = "<group>"; };
		E3DA19E527109504008DD996 /* WalletsTableViewController.swift */ = {isa = PBXFileReference; lastKnownFileType = sourcecode.swift; path = WalletsTableViewController.swift; sourceTree = "<group>"; };
		E3E6E3822714532400608898 /* Purse.swift */ = {isa = PBXFileReference; lastKnownFileType = sourcecode.swift; path = Purse.swift; sourceTree = "<group>"; };
		E3E6E3842714565700608898 /* PurseManager.swift */ = {isa = PBXFileReference; lastKnownFileType = sourcecode.swift; path = PurseManager.swift; sourceTree = "<group>"; };
		E3E9742226642DFF00575D4D /* ForgetPasswordViewController.swift */ = {isa = PBXFileReference; lastKnownFileType = sourcecode.swift; path = ForgetPasswordViewController.swift; sourceTree = "<group>"; };
		E3E9742426651B4700575D4D /* ConfirmCodeViewController.swift */ = {isa = PBXFileReference; lastKnownFileType = sourcecode.swift; path = ConfirmCodeViewController.swift; sourceTree = "<group>"; };
/* End PBXFileReference section */

/* Begin PBXFrameworksBuildPhase section */
		E35CE4A0265BED3500898909 /* Frameworks */ = {
			isa = PBXFrameworksBuildPhase;
			buildActionMask = 2147483647;
			files = (
				45126749102707701CCCABA7 /* Pods_PersonalFinance.framework in Frameworks */,
			);
			runOnlyForDeploymentPostprocessing = 0;
		};
/* End PBXFrameworksBuildPhase section */

/* Begin PBXGroup section */
		7E9860BA44010E59E25CC899 /* Frameworks */ = {
			isa = PBXGroup;
			children = (
				9185C396E519E2F424D7B363 /* Pods_PersonalFinance.framework */,
			);
			name = Frameworks;
			sourceTree = "<group>";
		};
		DB9C8A0199792F7E3B039418 /* Pods */ = {
			isa = PBXGroup;
			children = (
				280D6775ADAF49DF67F05987 /* Pods-PersonalFinance.debug.xcconfig */,
				152FFBB647D8326A92589574 /* Pods-PersonalFinance.release.xcconfig */,
			);
			path = Pods;
			sourceTree = "<group>";
		};
		E35CE49A265BED3500898909 = {
			isa = PBXGroup;
			children = (
				E35CE4A5265BED3500898909 /* PersonalFinance */,
				E35CE4A4265BED3500898909 /* Products */,
				DB9C8A0199792F7E3B039418 /* Pods */,
				7E9860BA44010E59E25CC899 /* Frameworks */,
			);
			sourceTree = "<group>";
		};
		E35CE4A4265BED3500898909 /* Products */ = {
			isa = PBXGroup;
			children = (
				E35CE4A3265BED3500898909 /* PersonalFinance.app */,
			);
			name = Products;
			sourceTree = "<group>";
		};
		E35CE4A5265BED3500898909 /* PersonalFinance */ = {
			isa = PBXGroup;
			children = (
				E3475FC026CBFF2100646398 /* PersonalFinance.entitlements */,
				E35CE4C3265BEDFF00898909 /* Services */,
				E35CE4C4265BEE2800898909 /* Models */,
				E3A07099265E76DB0063F468 /* Extensions */,
				E35CE4C5265BEE4A00898909 /* Views */,
				E35CE4C0265BED9000898909 /* ViewControllers */,
				E35CE4BF265BED7000898909 /* Storyboards */,
				E35CE4C1265BEDAF00898909 /* SupportingFiles */,
				E35CE4BE265BED6300898909 /* Resources */,
			);
			path = PersonalFinance;
			sourceTree = "<group>";
		};
		E35CE4BE265BED6300898909 /* Resources */ = {
			isa = PBXGroup;
			children = (
				E35CE4B2265BED3D00898909 /* Assets.xcassets */,
			);
			path = Resources;
			sourceTree = "<group>";
		};
		E35CE4BF265BED7000898909 /* Storyboards */ = {
			isa = PBXGroup;
			children = (
				E35CE4AC265BED3500898909 /* Main.storyboard */,
				E3475FC326D505D200646398 /* Home.storyboard */,
				E35CE4B4265BED3D00898909 /* LaunchScreen.storyboard */,
			);
			path = Storyboards;
			sourceTree = "<group>";
		};
		E35CE4C0265BED9000898909 /* ViewControllers */ = {
			isa = PBXGroup;
			children = (
				E35CE4AA265BED3500898909 /* WelcomeViewController.swift */,
				E3219946265FD22B003233A0 /* PageViewController.swift */,
				E3219943265FD1B8003233A0 /* ContentViewController.swift */,
				E3D6702126612CCB00232115 /* LoginViewController.swift */,
				E350AD0D2663CBD9008AB964 /* SignUpViewController.swift */,
				E3E9742226642DFF00575D4D /* ForgetPasswordViewController.swift */,
				E3E9742426651B4700575D4D /* ConfirmCodeViewController.swift */,
				E339F145270717F300B16689 /* NewPasswordViewController.swift */,
				E3475FC526D5063B00646398 /* HomeViewController.swift */,
				E3DA19E527109504008DD996 /* WalletsTableViewController.swift */,
				E327DE2C2710D34800C1F8BD /* SaveWalletTableViewController.swift */,
				E39F0805271ED37900F0E682 /* ReportViewController.swift */,
				E3A0DE20271ED994004F7560 /* MoreTableViewController.swift */,
				E3A0DE22271F0E30004F7560 /* UserSettingViewController.swift */,
			);
			path = ViewControllers;
			sourceTree = "<group>";
		};
		E35CE4C1265BEDAF00898909 /* SupportingFiles */ = {
			isa = PBXGroup;
			children = (
				E35CE4A6265BED3500898909 /* AppDelegate.swift */,
				E35CE4B7265BED3D00898909 /* Info.plist */,
			);
			path = SupportingFiles;
			sourceTree = "<group>";
		};
		E35CE4C3265BEDFF00898909 /* Services */ = {
			isa = PBXGroup;
			children = (
				E3A0709E265E7A5A0063F468 /* ContentManager.swift */,
				E3D67024266138FF00232115 /* DataManager.swift */,
				E3475FBC26C6948500646398 /* AuthorizationManager.swift */,
				E38BED842703553E00385911 /* NetworkManager.swift */,
				E3BB727027107D100077586C /* FinanceStorageManager.swift */,
				E3E6E3842714565700608898 /* PurseManager.swift */,
			);
			path = Services;
			sourceTree = "<group>";
		};
		E35CE4C4265BEE2800898909 /* Models */ = {
			isa = PBXGroup;
			children = (
				E35CE4AF265BED3500898909 /* PersonalFinance.xcdatamodeld */,
				E3A0709B265E788A0063F468 /* Content.swift */,
				E37EC38926C58F1F00E0A53B /* Account.swift */,
				E3E6E3822714532400608898 /* Purse.swift */,
			);
			path = Models;
			sourceTree = "<group>";
		};
		E35CE4C5265BEE4A00898909 /* Views */ = {
			isa = PBXGroup;
			children = (
				E3909C2A274ED00D00646400 /* TransactionButtonView */,
				E3A2702B27148C5700DBEBAD /* WalletTableViewCells */,
				E343A6AB270B54A100C97DE7 /* UINavigationBarGradientView.swift */,
			);
			path = Views;
			sourceTree = "<group>";
		};
		E3909C2A274ED00D00646400 /* TransactionButtonView */ = {
			isa = PBXGroup;
			children = (
				E3909C2F274ED1DA00646400 /* TransactionButtonView.xib */,
				E3909C31274ED20700646400 /* TransactionButtonView.swift */,
			);
			path = TransactionButtonView;
			sourceTree = "<group>";
		};
		E3A07099265E76DB0063F468 /* Extensions */ = {
			isa = PBXGroup;
			children = (
				E35CE4C7265BF0D200898909 /* Extension + UIView.swift */,
				E3475FBE26CAE61500646398 /* Extension + String.swift */,
				E3909C362750FE3200646400 /* Extension + Hover.swift */,
			);
			path = Extensions;
			sourceTree = "<group>";
		};
		E3A2702B27148C5700DBEBAD /* WalletTableViewCells */ = {
			isa = PBXGroup;
			children = (
				E39F08012717780E00F0E682 /* TextFieldTableViewCell.swift */,
				E39F08022717780E00F0E682 /* TextFieldTableViewCell.xib */,
			);
			path = WalletTableViewCells;
			sourceTree = "<group>";
		};
/* End PBXGroup section */

/* Begin PBXNativeTarget section */
		E35CE4A2265BED3500898909 /* PersonalFinance */ = {
			isa = PBXNativeTarget;
			buildConfigurationList = E35CE4BA265BED3D00898909 /* Build configuration list for PBXNativeTarget "PersonalFinance" */;
			buildPhases = (
				9C564744160984D3B87359AF /* [CP] Check Pods Manifest.lock */,
				E35CE49F265BED3500898909 /* Sources */,
				E35CE4A0265BED3500898909 /* Frameworks */,
				E35CE4A1265BED3500898909 /* Resources */,
				1D4E2F2F11ACFD248D576C3C /* [CP] Embed Pods Frameworks */,
			);
			buildRules = (
			);
			dependencies = (
			);
			name = PersonalFinance;
			productName = PersonalFinance;
			productReference = E35CE4A3265BED3500898909 /* PersonalFinance.app */;
			productType = "com.apple.product-type.application";
		};
/* End PBXNativeTarget section */

/* Begin PBXProject section */
		E35CE49B265BED3500898909 /* Project object */ = {
			isa = PBXProject;
			attributes = {
				LastSwiftUpdateCheck = 1240;
				LastUpgradeCheck = 1240;
				TargetAttributes = {
					E35CE4A2265BED3500898909 = {
						CreatedOnToolsVersion = 12.4;
					};
				};
			};
			buildConfigurationList = E35CE49E265BED3500898909 /* Build configuration list for PBXProject "PersonalFinance" */;
			compatibilityVersion = "Xcode 9.3";
			developmentRegion = en;
			hasScannedForEncodings = 0;
			knownRegions = (
				en,
				Base,
			);
			mainGroup = E35CE49A265BED3500898909;
			productRefGroup = E35CE4A4265BED3500898909 /* Products */;
			projectDirPath = "";
			projectRoot = "";
			targets = (
				E35CE4A2265BED3500898909 /* PersonalFinance */,
			);
		};
/* End PBXProject section */

/* Begin PBXResourcesBuildPhase section */
		E35CE4A1265BED3500898909 /* Resources */ = {
			isa = PBXResourcesBuildPhase;
			buildActionMask = 2147483647;
			files = (
				E39F08042717780E00F0E682 /* TextFieldTableViewCell.xib in Resources */,
				E35CE4B6265BED3D00898909 /* LaunchScreen.storyboard in Resources */,
				E35CE4B3265BED3D00898909 /* Assets.xcassets in Resources */,
				E35CE4AE265BED3500898909 /* Main.storyboard in Resources */,
				E3475FC426D505D200646398 /* Home.storyboard in Resources */,
				E3909C30274ED1DA00646400 /* TransactionButtonView.xib in Resources */,
			);
			runOnlyForDeploymentPostprocessing = 0;
		};
/* End PBXResourcesBuildPhase section */

/* Begin PBXShellScriptBuildPhase section */
		1D4E2F2F11ACFD248D576C3C /* [CP] Embed Pods Frameworks */ = {
			isa = PBXShellScriptBuildPhase;
			buildActionMask = 2147483647;
			files = (
			);
			inputFileListPaths = (
				"${PODS_ROOT}/Target Support Files/Pods-PersonalFinance/Pods-PersonalFinance-frameworks-${CONFIGURATION}-input-files.xcfilelist",
			);
			name = "[CP] Embed Pods Frameworks";
			outputFileListPaths = (
				"${PODS_ROOT}/Target Support Files/Pods-PersonalFinance/Pods-PersonalFinance-frameworks-${CONFIGURATION}-output-files.xcfilelist",
			);
			runOnlyForDeploymentPostprocessing = 0;
			shellPath = /bin/sh;
			shellScript = "\"${PODS_ROOT}/Target Support Files/Pods-PersonalFinance/Pods-PersonalFinance-frameworks.sh\"\n";
			showEnvVarsInLog = 0;
		};
		9C564744160984D3B87359AF /* [CP] Check Pods Manifest.lock */ = {
			isa = PBXShellScriptBuildPhase;
			buildActionMask = 2147483647;
			files = (
			);
			inputFileListPaths = (
			);
			inputPaths = (
				"${PODS_PODFILE_DIR_PATH}/Podfile.lock",
				"${PODS_ROOT}/Manifest.lock",
			);
			name = "[CP] Check Pods Manifest.lock";
			outputFileListPaths = (
			);
			outputPaths = (
				"$(DERIVED_FILE_DIR)/Pods-PersonalFinance-checkManifestLockResult.txt",
			);
			runOnlyForDeploymentPostprocessing = 0;
			shellPath = /bin/sh;
			shellScript = "diff \"${PODS_PODFILE_DIR_PATH}/Podfile.lock\" \"${PODS_ROOT}/Manifest.lock\" > /dev/null\nif [ $? != 0 ] ; then\n    # print error to STDERR\n    echo \"error: The sandbox is not in sync with the Podfile.lock. Run 'pod install' or update your CocoaPods installation.\" >&2\n    exit 1\nfi\n# This output is used by Xcode 'outputs' to avoid re-running this script phase.\necho \"SUCCESS\" > \"${SCRIPT_OUTPUT_FILE_0}\"\n";
			showEnvVarsInLog = 0;
		};
/* End PBXShellScriptBuildPhase section */

/* Begin PBXSourcesBuildPhase section */
		E35CE49F265BED3500898909 /* Sources */ = {
			isa = PBXSourcesBuildPhase;
			buildActionMask = 2147483647;
			files = (
				E3E6E3832714532400608898 /* Purse.swift in Sources */,
				E3E6E3852714565700608898 /* PurseManager.swift in Sources */,
				E39F08032717780E00F0E682 /* TextFieldTableViewCell.swift in Sources */,
				E38BED852703553E00385911 /* NetworkManager.swift in Sources */,
				E343A6AC270B54A100C97DE7 /* UINavigationBarGradientView.swift in Sources */,
				E3219944265FD1B8003233A0 /* ContentViewController.swift in Sources */,
				E3475FBD26C6948500646398 /* AuthorizationManager.swift in Sources */,
				E3DA19E627109504008DD996 /* WalletsTableViewController.swift in Sources */,
				E3A0709F265E7A5A0063F468 /* ContentManager.swift in Sources */,
				E3909C32274ED20700646400 /* TransactionButtonView.swift in Sources */,
				E35CE4B1265BED3500898909 /* PersonalFinance.xcdatamodeld in Sources */,
				E3A0DE21271ED994004F7560 /* MoreTableViewController.swift in Sources */,
				E3BB727127107D100077586C /* FinanceStorageManager.swift in Sources */,
				E35CE4AB265BED3500898909 /* WelcomeViewController.swift in Sources */,
				E3475FC626D5063B00646398 /* HomeViewController.swift in Sources */,
				E35CE4A7265BED3500898909 /* AppDelegate.swift in Sources */,
				E39F0806271ED37900F0E682 /* ReportViewController.swift in Sources */,
				E37EC38A26C58F1F00E0A53B /* Account.swift in Sources */,
				E3A0DE23271F0E31004F7560 /* UserSettingViewController.swift in Sources */,
				E35CE4C8265BF0D200898909 /* Extension + UIView.swift in Sources */,
				E350AD0E2663CBD9008AB964 /* SignUpViewController.swift in Sources */,
				E3E9742326642DFF00575D4D /* ForgetPasswordViewController.swift in Sources */,
				E3E9742526651B4700575D4D /* ConfirmCodeViewController.swift in Sources */,
				E3909C372750FE3200646400 /* Extension + Hover.swift in Sources */,
				E3219947265FD22B003233A0 /* PageViewController.swift in Sources */,
				E3D67025266138FF00232115 /* DataManager.swift in Sources */,
				E3D6702226612CCB00232115 /* LoginViewController.swift in Sources */,
				E3475FBF26CAE61500646398 /* Extension + String.swift in Sources */,
				E339F146270717F300B16689 /* NewPasswordViewController.swift in Sources */,
				E327DE2D2710D34800C1F8BD /* SaveWalletTableViewController.swift in Sources */,
				E3A0709C265E788A0063F468 /* Content.swift in Sources */,
			);
			runOnlyForDeploymentPostprocessing = 0;
		};
/* End PBXSourcesBuildPhase section */

/* Begin PBXVariantGroup section */
		E35CE4AC265BED3500898909 /* Main.storyboard */ = {
			isa = PBXVariantGroup;
			children = (
				E35CE4AD265BED3500898909 /* Base */,
			);
			name = Main.storyboard;
			sourceTree = "<group>";
		};
		E35CE4B4265BED3D00898909 /* LaunchScreen.storyboard */ = {
			isa = PBXVariantGroup;
			children = (
				E35CE4B5265BED3D00898909 /* Base */,
			);
			name = LaunchScreen.storyboard;
			sourceTree = "<group>";
		};
/* End PBXVariantGroup section */

/* Begin XCBuildConfiguration section */
		E35CE4B8265BED3D00898909 /* Debug */ = {
			isa = XCBuildConfiguration;
			buildSettings = {
				ALWAYS_SEARCH_USER_PATHS = NO;
				CLANG_ANALYZER_NONNULL = YES;
				CLANG_ANALYZER_NUMBER_OBJECT_CONVERSION = YES_AGGRESSIVE;
				CLANG_CXX_LANGUAGE_STANDARD = "gnu++14";
				CLANG_CXX_LIBRARY = "libc++";
				CLANG_ENABLE_MODULES = YES;
				CLANG_ENABLE_OBJC_ARC = YES;
				CLANG_ENABLE_OBJC_WEAK = YES;
				CLANG_WARN_BLOCK_CAPTURE_AUTORELEASING = YES;
				CLANG_WARN_BOOL_CONVERSION = YES;
				CLANG_WARN_COMMA = YES;
				CLANG_WARN_CONSTANT_CONVERSION = YES;
				CLANG_WARN_DEPRECATED_OBJC_IMPLEMENTATIONS = YES;
				CLANG_WARN_DIRECT_OBJC_ISA_USAGE = YES_ERROR;
				CLANG_WARN_DOCUMENTATION_COMMENTS = YES;
				CLANG_WARN_EMPTY_BODY = YES;
				CLANG_WARN_ENUM_CONVERSION = YES;
				CLANG_WARN_INFINITE_RECURSION = YES;
				CLANG_WARN_INT_CONVERSION = YES;
				CLANG_WARN_NON_LITERAL_NULL_CONVERSION = YES;
				CLANG_WARN_OBJC_IMPLICIT_RETAIN_SELF = YES;
				CLANG_WARN_OBJC_LITERAL_CONVERSION = YES;
				CLANG_WARN_OBJC_ROOT_CLASS = YES_ERROR;
				CLANG_WARN_QUOTED_INCLUDE_IN_FRAMEWORK_HEADER = YES;
				CLANG_WARN_RANGE_LOOP_ANALYSIS = YES;
				CLANG_WARN_STRICT_PROTOTYPES = YES;
				CLANG_WARN_SUSPICIOUS_MOVE = YES;
				CLANG_WARN_UNGUARDED_AVAILABILITY = YES_AGGRESSIVE;
				CLANG_WARN_UNREACHABLE_CODE = YES;
				CLANG_WARN__DUPLICATE_METHOD_MATCH = YES;
				COPY_PHASE_STRIP = NO;
				DEBUG_INFORMATION_FORMAT = dwarf;
				ENABLE_STRICT_OBJC_MSGSEND = YES;
				ENABLE_TESTABILITY = YES;
				GCC_C_LANGUAGE_STANDARD = gnu11;
				GCC_DYNAMIC_NO_PIC = NO;
				GCC_NO_COMMON_BLOCKS = YES;
				GCC_OPTIMIZATION_LEVEL = 0;
				GCC_PREPROCESSOR_DEFINITIONS = (
					"DEBUG=1",
					"$(inherited)",
				);
				GCC_WARN_64_TO_32_BIT_CONVERSION = YES;
				GCC_WARN_ABOUT_RETURN_TYPE = YES_ERROR;
				GCC_WARN_UNDECLARED_SELECTOR = YES;
				GCC_WARN_UNINITIALIZED_AUTOS = YES_AGGRESSIVE;
				GCC_WARN_UNUSED_FUNCTION = YES;
				GCC_WARN_UNUSED_VARIABLE = YES;
				IPHONEOS_DEPLOYMENT_TARGET = 14.4;
				MTL_ENABLE_DEBUG_INFO = INCLUDE_SOURCE;
				MTL_FAST_MATH = YES;
				ONLY_ACTIVE_ARCH = YES;
				SDKROOT = iphoneos;
				SWIFT_ACTIVE_COMPILATION_CONDITIONS = DEBUG;
				SWIFT_OPTIMIZATION_LEVEL = "-Onone";
			};
			name = Debug;
		};
		E35CE4B9265BED3D00898909 /* Release */ = {
			isa = XCBuildConfiguration;
			buildSettings = {
				ALWAYS_SEARCH_USER_PATHS = NO;
				CLANG_ANALYZER_NONNULL = YES;
				CLANG_ANALYZER_NUMBER_OBJECT_CONVERSION = YES_AGGRESSIVE;
				CLANG_CXX_LANGUAGE_STANDARD = "gnu++14";
				CLANG_CXX_LIBRARY = "libc++";
				CLANG_ENABLE_MODULES = YES;
				CLANG_ENABLE_OBJC_ARC = YES;
				CLANG_ENABLE_OBJC_WEAK = YES;
				CLANG_WARN_BLOCK_CAPTURE_AUTORELEASING = YES;
				CLANG_WARN_BOOL_CONVERSION = YES;
				CLANG_WARN_COMMA = YES;
				CLANG_WARN_CONSTANT_CONVERSION = YES;
				CLANG_WARN_DEPRECATED_OBJC_IMPLEMENTATIONS = YES;
				CLANG_WARN_DIRECT_OBJC_ISA_USAGE = YES_ERROR;
				CLANG_WARN_DOCUMENTATION_COMMENTS = YES;
				CLANG_WARN_EMPTY_BODY = YES;
				CLANG_WARN_ENUM_CONVERSION = YES;
				CLANG_WARN_INFINITE_RECURSION = YES;
				CLANG_WARN_INT_CONVERSION = YES;
				CLANG_WARN_NON_LITERAL_NULL_CONVERSION = YES;
				CLANG_WARN_OBJC_IMPLICIT_RETAIN_SELF = YES;
				CLANG_WARN_OBJC_LITERAL_CONVERSION = YES;
				CLANG_WARN_OBJC_ROOT_CLASS = YES_ERROR;
				CLANG_WARN_QUOTED_INCLUDE_IN_FRAMEWORK_HEADER = YES;
				CLANG_WARN_RANGE_LOOP_ANALYSIS = YES;
				CLANG_WARN_STRICT_PROTOTYPES = YES;
				CLANG_WARN_SUSPICIOUS_MOVE = YES;
				CLANG_WARN_UNGUARDED_AVAILABILITY = YES_AGGRESSIVE;
				CLANG_WARN_UNREACHABLE_CODE = YES;
				CLANG_WARN__DUPLICATE_METHOD_MATCH = YES;
				COPY_PHASE_STRIP = NO;
				DEBUG_INFORMATION_FORMAT = "dwarf-with-dsym";
				ENABLE_NS_ASSERTIONS = NO;
				ENABLE_STRICT_OBJC_MSGSEND = YES;
				GCC_C_LANGUAGE_STANDARD = gnu11;
				GCC_NO_COMMON_BLOCKS = YES;
				GCC_WARN_64_TO_32_BIT_CONVERSION = YES;
				GCC_WARN_ABOUT_RETURN_TYPE = YES_ERROR;
				GCC_WARN_UNDECLARED_SELECTOR = YES;
				GCC_WARN_UNINITIALIZED_AUTOS = YES_AGGRESSIVE;
				GCC_WARN_UNUSED_FUNCTION = YES;
				GCC_WARN_UNUSED_VARIABLE = YES;
				IPHONEOS_DEPLOYMENT_TARGET = 14.4;
				MTL_ENABLE_DEBUG_INFO = NO;
				MTL_FAST_MATH = YES;
				SDKROOT = iphoneos;
				SWIFT_COMPILATION_MODE = wholemodule;
				SWIFT_OPTIMIZATION_LEVEL = "-O";
				VALIDATE_PRODUCT = YES;
			};
			name = Release;
		};
		E35CE4BB265BED3D00898909 /* Debug */ = {
			isa = XCBuildConfiguration;
			baseConfigurationReference = 280D6775ADAF49DF67F05987 /* Pods-PersonalFinance.debug.xcconfig */;
			buildSettings = {
				ASSETCATALOG_COMPILER_APPICON_NAME = AppIcon;
				ASSETCATALOG_COMPILER_GLOBAL_ACCENT_COLOR_NAME = AccentColor;
				CODE_SIGN_ENTITLEMENTS = PersonalFinance/PersonalFinance.entitlements;
				CODE_SIGN_STYLE = Automatic;
				DEVELOPMENT_TEAM = 2SK72H5U39;
				INFOPLIST_FILE = PersonalFinance/SupportingFiles/Info.plist;
				IPHONEOS_DEPLOYMENT_TARGET = 14.0;
				LD_RUNPATH_SEARCH_PATHS = (
					"$(inherited)",
					"@executable_path/Frameworks",
				);
				PRODUCT_BUNDLE_IDENTIFIER = com.apoluyanovich.PersonalFinance;
				PRODUCT_NAME = "$(TARGET_NAME)";
				SWIFT_VERSION = 5.0;
				TARGETED_DEVICE_FAMILY = 1;
			};
			name = Debug;
		};
		E35CE4BC265BED3D00898909 /* Release */ = {
			isa = XCBuildConfiguration;
			baseConfigurationReference = 152FFBB647D8326A92589574 /* Pods-PersonalFinance.release.xcconfig */;
			buildSettings = {
				ASSETCATALOG_COMPILER_APPICON_NAME = AppIcon;
				ASSETCATALOG_COMPILER_GLOBAL_ACCENT_COLOR_NAME = AccentColor;
				CODE_SIGN_ENTITLEMENTS = PersonalFinance/PersonalFinance.entitlements;
				CODE_SIGN_STYLE = Automatic;
				DEVELOPMENT_TEAM = 2SK72H5U39;
				INFOPLIST_FILE = PersonalFinance/SupportingFiles/Info.plist;
				IPHONEOS_DEPLOYMENT_TARGET = 14.0;
				LD_RUNPATH_SEARCH_PATHS = (
					"$(inherited)",
					"@executable_path/Frameworks",
				);
				PRODUCT_BUNDLE_IDENTIFIER = com.apoluyanovich.PersonalFinance;
				PRODUCT_NAME = "$(TARGET_NAME)";
				SWIFT_VERSION = 5.0;
				TARGETED_DEVICE_FAMILY = 1;
			};
			name = Release;
		};
/* End XCBuildConfiguration section */

/* Begin XCConfigurationList section */
		E35CE49E265BED3500898909 /* Build configuration list for PBXProject "PersonalFinance" */ = {
			isa = XCConfigurationList;
			buildConfigurations = (
				E35CE4B8265BED3D00898909 /* Debug */,
				E35CE4B9265BED3D00898909 /* Release */,
			);
			defaultConfigurationIsVisible = 0;
			defaultConfigurationName = Release;
		};
		E35CE4BA265BED3D00898909 /* Build configuration list for PBXNativeTarget "PersonalFinance" */ = {
			isa = XCConfigurationList;
			buildConfigurations = (
				E35CE4BB265BED3D00898909 /* Debug */,
				E35CE4BC265BED3D00898909 /* Release */,
			);
			defaultConfigurationIsVisible = 0;
			defaultConfigurationName = Release;
		};
/* End XCConfigurationList section */

/* Begin XCVersionGroup section */
		E35CE4AF265BED3500898909 /* PersonalFinance.xcdatamodeld */ = {
			isa = XCVersionGroup;
			children = (
				E35CE4B0265BED3500898909 /* PersonalFinance.xcdatamodel */,
			);
			currentVersion = E35CE4B0265BED3500898909 /* PersonalFinance.xcdatamodel */;
			path = PersonalFinance.xcdatamodeld;
			sourceTree = "<group>";
			versionGroupType = wrapper.xcdatamodel;
		};
/* End XCVersionGroup section */
	};
	rootObject = E35CE49B265BED3500898909 /* Project object */;
}
